// !$*UTF8*$!
{
	archiveVersion = 1;
	classes = {
	};
	objectVersion = 46;
	objects = {

/* Begin PBXBuildFile section */
		876C693B148A6373000ECF1C /* UIKit.framework in Frameworks */ = {isa = PBXBuildFile; fileRef = 876C693A148A6373000ECF1C /* UIKit.framework */; };
		876C693D148A6373000ECF1C /* Foundation.framework in Frameworks */ = {isa = PBXBuildFile; fileRef = 876C693C148A6373000ECF1C /* Foundation.framework */; };
		876C693F148A6373000ECF1C /* CoreGraphics.framework in Frameworks */ = {isa = PBXBuildFile; fileRef = 876C693E148A6373000ECF1C /* CoreGraphics.framework */; };
		876C6945148A6373000ECF1C /* InfoPlist.strings in Resources */ = {isa = PBXBuildFile; fileRef = 876C6943148A6373000ECF1C /* InfoPlist.strings */; };
		876C6947148A6373000ECF1C /* main.m in Sources */ = {isa = PBXBuildFile; fileRef = 876C6946148A6373000ECF1C /* main.m */; };
		876C694B148A6373000ECF1C /* GOAppDelegate.m in Sources */ = {isa = PBXBuildFile; fileRef = 876C694A148A6373000ECF1C /* GOAppDelegate.m */; };
		876C694E148A6373000ECF1C /* GOMasterViewController.m in Sources */ = {isa = PBXBuildFile; fileRef = 876C694D148A6373000ECF1C /* GOMasterViewController.m */; };
		876C6951148A6373000ECF1C /* GODetailViewController.m in Sources */ = {isa = PBXBuildFile; fileRef = 876C6950148A6373000ECF1C /* GODetailViewController.m */; };
		876C6954148A6374000ECF1C /* GOMasterViewController.xib in Resources */ = {isa = PBXBuildFile; fileRef = 876C6952148A6373000ECF1C /* GOMasterViewController.xib */; };
		876C6957148A6374000ECF1C /* GODetailViewController.xib in Resources */ = {isa = PBXBuildFile; fileRef = 876C6955148A6374000ECF1C /* GODetailViewController.xib */; };
		876C6969148A671F000ECF1C /* GOFetchGigsOperation.m in Sources */ = {isa = PBXBuildFile; fileRef = 876C6968148A671F000ECF1C /* GOFetchGigsOperation.m */; };
		876C696B148A6869000ECF1C /* CoreLocation.framework in Frameworks */ = {isa = PBXBuildFile; fileRef = 876C696A148A6869000ECF1C /* CoreLocation.framework */; };
		876C6970148A7A2A000ECF1C /* GOGig.m in Sources */ = {isa = PBXBuildFile; fileRef = 876C696F148A7A2A000ECF1C /* GOGig.m */; };
		BD11C22F148AB30B002F35C6 /* BACK-OrganiserThumbnail.png in Resources */ = {isa = PBXBuildFile; fileRef = BD11C223148AB30B002F35C6 /* BACK-OrganiserThumbnail.png */; };
		BD11C230148AB30B002F35C6 /* BACK-OrganiserThumbnail@2x.png in Resources */ = {isa = PBXBuildFile; fileRef = BD11C224148AB30B002F35C6 /* BACK-OrganiserThumbnail@2x.png */; };
		BD11C231148AB30B002F35C6 /* BACK-RowSocials.png in Resources */ = {isa = PBXBuildFile; fileRef = BD11C225148AB30B002F35C6 /* BACK-RowSocials.png */; };
		BD11C232148AB30B002F35C6 /* BACK-RowSocials@2x.png in Resources */ = {isa = PBXBuildFile; fileRef = BD11C226148AB30B002F35C6 /* BACK-RowSocials@2x.png */; };
		BD11C233148AB30B002F35C6 /* BACK-RowSocialsNoLine.png in Resources */ = {isa = PBXBuildFile; fileRef = BD11C227148AB30B002F35C6 /* BACK-RowSocialsNoLine.png */; };
		BD11C234148AB30B002F35C6 /* COUNTER-Orange.png in Resources */ = {isa = PBXBuildFile; fileRef = BD11C228148AB30B002F35C6 /* COUNTER-Orange.png */; };
		BD11C235148AB30B002F35C6 /* COUNTER-Orange@2x.png in Resources */ = {isa = PBXBuildFile; fileRef = BD11C229148AB30B002F35C6 /* COUNTER-Orange@2x.png */; };
		BD11C236148AB30B002F35C6 /* Counter.png in Resources */ = {isa = PBXBuildFile; fileRef = BD11C22A148AB30B002F35C6 /* Counter.png */; };
		BD11C237148AB30B002F35C6 /* Counter@2x.png in Resources */ = {isa = PBXBuildFile; fileRef = BD11C22B148AB30B002F35C6 /* Counter@2x.png */; };
		BD11C238148AB30B002F35C6 /* Distance.png in Resources */ = {isa = PBXBuildFile; fileRef = BD11C22C148AB30B002F35C6 /* Distance.png */; };
		BD11C239148AB30B002F35C6 /* Distance@2x.png in Resources */ = {isa = PBXBuildFile; fileRef = BD11C22D148AB30B002F35C6 /* Distance@2x.png */; };
		BD11C23A148AB30B002F35C6 /* placeholder.png in Resources */ = {isa = PBXBuildFile; fileRef = BD11C22E148AB30B002F35C6 /* placeholder.png */; };
		BD11C31D148AD4B1002F35C6 /* GOGigDetailTableViewCell.m in Sources */ = {isa = PBXBuildFile; fileRef = BD11C31C148AD4B0002F35C6 /* GOGigDetailTableViewCell.m */; };
		BD11C320148AD602002F35C6 /* GOGigVideoInfo.m in Sources */ = {isa = PBXBuildFile; fileRef = BD11C31F148AD602002F35C6 /* GOGigVideoInfo.m */; };
		BD5E18D4148A768800C372A0 /* GOMasterTableViewCell.m in Sources */ = {isa = PBXBuildFile; fileRef = BD5E18CC148A768800C372A0 /* GOMasterTableViewCell.m */; };
		BD5E18D5148A768800C372A0 /* ULImageView.m in Sources */ = {isa = PBXBuildFile; fileRef = BD5E18CE148A768800C372A0 /* ULImageView.m */; };
		BD5E18D6148A768800C372A0 /* ULCacheManager.m in Sources */ = {isa = PBXBuildFile; fileRef = BD5E18D1148A768800C372A0 /* ULCacheManager.m */; };
		BD5E18D7148A768800C372A0 /* URLCacheConnection.m in Sources */ = {isa = PBXBuildFile; fileRef = BD5E18D3148A768800C372A0 /* URLCacheConnection.m */; };
		BD5E18F0148A79B100C372A0 /* DateUtils.m in Sources */ = {isa = PBXBuildFile; fileRef = BD5E18EF148A79B100C372A0 /* DateUtils.m */; };
		BD5E18F3148A7ED200C372A0 /* LocationManager.m in Sources */ = {isa = PBXBuildFile; fileRef = BD5E18F2148A7ED200C372A0 /* LocationManager.m */; };
		BD8C6465148A6E8500D39132 /* libUberLifeLib.a in Frameworks */ = {isa = PBXBuildFile; fileRef = BD8C6456148A6E1A00D39132 /* libUberLifeLib.a */; };
/* End PBXBuildFile section */

/* Begin PBXContainerItemProxy section */
		BD8C6455148A6E1A00D39132 /* PBXContainerItemProxy */ = {
			isa = PBXContainerItemProxy;
			containerPortal = BD8C6450148A6E1A00D39132 /* UberLifeLib.xcodeproj */;
			proxyType = 2;
			remoteGlobalIDString = 31F274F21455C2D300BF57D8;
			remoteInfo = UberLifeLib;
		};
		BD8C6457148A6E1A00D39132 /* PBXContainerItemProxy */ = {
			isa = PBXContainerItemProxy;
			containerPortal = BD8C6450148A6E1A00D39132 /* UberLifeLib.xcodeproj */;
			proxyType = 2;
			remoteGlobalIDString = 31F275021455C2D300BF57D8;
			remoteInfo = UberLifeLibTests;
		};
/* End PBXContainerItemProxy section */

/* Begin PBXFileReference section */
		876C6936148A6373000ECF1C /* GigOut.app */ = {isa = PBXFileReference; explicitFileType = wrapper.application; includeInIndex = 0; path = GigOut.app; sourceTree = BUILT_PRODUCTS_DIR; };
		876C693A148A6373000ECF1C /* UIKit.framework */ = {isa = PBXFileReference; lastKnownFileType = wrapper.framework; name = UIKit.framework; path = System/Library/Frameworks/UIKit.framework; sourceTree = SDKROOT; };
		876C693C148A6373000ECF1C /* Foundation.framework */ = {isa = PBXFileReference; lastKnownFileType = wrapper.framework; name = Foundation.framework; path = System/Library/Frameworks/Foundation.framework; sourceTree = SDKROOT; };
		876C693E148A6373000ECF1C /* CoreGraphics.framework */ = {isa = PBXFileReference; lastKnownFileType = wrapper.framework; name = CoreGraphics.framework; path = System/Library/Frameworks/CoreGraphics.framework; sourceTree = SDKROOT; };
		876C6942148A6373000ECF1C /* GigOut-Info.plist */ = {isa = PBXFileReference; lastKnownFileType = text.plist.xml; path = "GigOut-Info.plist"; sourceTree = "<group>"; };
		876C6944148A6373000ECF1C /* en */ = {isa = PBXFileReference; lastKnownFileType = text.plist.strings; name = en; path = en.lproj/InfoPlist.strings; sourceTree = "<group>"; };
		876C6946148A6373000ECF1C /* main.m */ = {isa = PBXFileReference; lastKnownFileType = sourcecode.c.objc; path = main.m; sourceTree = "<group>"; };
		876C6948148A6373000ECF1C /* GigOut-Prefix.pch */ = {isa = PBXFileReference; lastKnownFileType = sourcecode.c.h; path = "GigOut-Prefix.pch"; sourceTree = "<group>"; };
		876C6949148A6373000ECF1C /* GOAppDelegate.h */ = {isa = PBXFileReference; lastKnownFileType = sourcecode.c.h; path = GOAppDelegate.h; sourceTree = "<group>"; };
		876C694A148A6373000ECF1C /* GOAppDelegate.m */ = {isa = PBXFileReference; lastKnownFileType = sourcecode.c.objc; path = GOAppDelegate.m; sourceTree = "<group>"; };
		876C694C148A6373000ECF1C /* GOMasterViewController.h */ = {isa = PBXFileReference; lastKnownFileType = sourcecode.c.h; path = GOMasterViewController.h; sourceTree = "<group>"; };
		876C694D148A6373000ECF1C /* GOMasterViewController.m */ = {isa = PBXFileReference; lastKnownFileType = sourcecode.c.objc; path = GOMasterViewController.m; sourceTree = "<group>"; };
		876C694F148A6373000ECF1C /* GODetailViewController.h */ = {isa = PBXFileReference; lastKnownFileType = sourcecode.c.h; path = GODetailViewController.h; sourceTree = "<group>"; };
		876C6950148A6373000ECF1C /* GODetailViewController.m */ = {isa = PBXFileReference; lastKnownFileType = sourcecode.c.objc; path = GODetailViewController.m; sourceTree = "<group>"; };
		876C6953148A6374000ECF1C /* en */ = {isa = PBXFileReference; lastKnownFileType = file.xib; name = en; path = en.lproj/GOMasterViewController.xib; sourceTree = "<group>"; };
		876C6956148A6374000ECF1C /* en */ = {isa = PBXFileReference; lastKnownFileType = file.xib; name = en; path = en.lproj/GODetailViewController.xib; sourceTree = "<group>"; };
		876C6967148A671F000ECF1C /* GOFetchGigsOperation.h */ = {isa = PBXFileReference; fileEncoding = 4; lastKnownFileType = sourcecode.c.h; path = GOFetchGigsOperation.h; sourceTree = "<group>"; };
		876C6968148A671F000ECF1C /* GOFetchGigsOperation.m */ = {isa = PBXFileReference; fileEncoding = 4; lastKnownFileType = sourcecode.c.objc; path = GOFetchGigsOperation.m; sourceTree = "<group>"; };
		876C696A148A6869000ECF1C /* CoreLocation.framework */ = {isa = PBXFileReference; lastKnownFileType = wrapper.framework; name = CoreLocation.framework; path = System/Library/Frameworks/CoreLocation.framework; sourceTree = SDKROOT; };
		876C696C148A6DC1000ECF1C /* PSLog.h */ = {isa = PBXFileReference; fileEncoding = 4; lastKnownFileType = sourcecode.c.h; name = PSLog.h; path = ../PSLog.h; sourceTree = "<group>"; };
		876C696E148A7A2A000ECF1C /* GOGig.h */ = {isa = PBXFileReference; fileEncoding = 4; lastKnownFileType = sourcecode.c.h; path = GOGig.h; sourceTree = "<group>"; };
		876C696F148A7A2A000ECF1C /* GOGig.m */ = {isa = PBXFileReference; fileEncoding = 4; lastKnownFileType = sourcecode.c.objc; path = GOGig.m; sourceTree = "<group>"; };
		BD11C223148AB30B002F35C6 /* BACK-OrganiserThumbnail.png */ = {isa = PBXFileReference; lastKnownFileType = image.png; path = "BACK-OrganiserThumbnail.png"; sourceTree = "<group>"; };
		BD11C224148AB30B002F35C6 /* BACK-OrganiserThumbnail@2x.png */ = {isa = PBXFileReference; lastKnownFileType = image.png; path = "BACK-OrganiserThumbnail@2x.png"; sourceTree = "<group>"; };
		BD11C225148AB30B002F35C6 /* BACK-RowSocials.png */ = {isa = PBXFileReference; lastKnownFileType = image.png; path = "BACK-RowSocials.png"; sourceTree = "<group>"; };
		BD11C226148AB30B002F35C6 /* BACK-RowSocials@2x.png */ = {isa = PBXFileReference; lastKnownFileType = image.png; path = "BACK-RowSocials@2x.png"; sourceTree = "<group>"; };
		BD11C227148AB30B002F35C6 /* BACK-RowSocialsNoLine.png */ = {isa = PBXFileReference; lastKnownFileType = image.png; path = "BACK-RowSocialsNoLine.png"; sourceTree = "<group>"; };
		BD11C228148AB30B002F35C6 /* COUNTER-Orange.png */ = {isa = PBXFileReference; lastKnownFileType = image.png; path = "COUNTER-Orange.png"; sourceTree = "<group>"; };
		BD11C229148AB30B002F35C6 /* COUNTER-Orange@2x.png */ = {isa = PBXFileReference; lastKnownFileType = image.png; path = "COUNTER-Orange@2x.png"; sourceTree = "<group>"; };
		BD11C22A148AB30B002F35C6 /* Counter.png */ = {isa = PBXFileReference; lastKnownFileType = image.png; path = Counter.png; sourceTree = "<group>"; };
		BD11C22B148AB30B002F35C6 /* Counter@2x.png */ = {isa = PBXFileReference; lastKnownFileType = image.png; path = "Counter@2x.png"; sourceTree = "<group>"; };
		BD11C22C148AB30B002F35C6 /* Distance.png */ = {isa = PBXFileReference; lastKnownFileType = image.png; path = Distance.png; sourceTree = "<group>"; };
		BD11C22D148AB30B002F35C6 /* Distance@2x.png */ = {isa = PBXFileReference; lastKnownFileType = image.png; path = "Distance@2x.png"; sourceTree = "<group>"; };
		BD11C22E148AB30B002F35C6 /* placeholder.png */ = {isa = PBXFileReference; lastKnownFileType = image.png; path = placeholder.png; sourceTree = "<group>"; };
		BD11C31B148AD4B0002F35C6 /* GOGigDetailTableViewCell.h */ = {isa = PBXFileReference; fileEncoding = 4; lastKnownFileType = sourcecode.c.h; path = GOGigDetailTableViewCell.h; sourceTree = "<group>"; };
		BD11C31C148AD4B0002F35C6 /* GOGigDetailTableViewCell.m */ = {isa = PBXFileReference; fileEncoding = 4; lastKnownFileType = sourcecode.c.objc; path = GOGigDetailTableViewCell.m; sourceTree = "<group>"; };
		BD11C31E148AD602002F35C6 /* GOGigVideoInfo.h */ = {isa = PBXFileReference; fileEncoding = 4; lastKnownFileType = sourcecode.c.h; path = GOGigVideoInfo.h; sourceTree = "<group>"; };
		BD11C31F148AD602002F35C6 /* GOGigVideoInfo.m */ = {isa = PBXFileReference; fileEncoding = 4; lastKnownFileType = sourcecode.c.objc; path = GOGigVideoInfo.m; sourceTree = "<group>"; };
		BD5E18CB148A768800C372A0 /* GOMasterTableViewCell.h */ = {isa = PBXFileReference; fileEncoding = 4; lastKnownFileType = sourcecode.c.h; path = GOMasterTableViewCell.h; sourceTree = "<group>"; };
		BD5E18CC148A768800C372A0 /* GOMasterTableViewCell.m */ = {isa = PBXFileReference; fileEncoding = 4; lastKnownFileType = sourcecode.c.objc; path = GOMasterTableViewCell.m; sourceTree = "<group>"; };
		BD5E18CD148A768800C372A0 /* ULImageView.h */ = {isa = PBXFileReference; fileEncoding = 4; lastKnownFileType = sourcecode.c.h; path = ULImageView.h; sourceTree = "<group>"; };
		BD5E18CE148A768800C372A0 /* ULImageView.m */ = {isa = PBXFileReference; fileEncoding = 4; lastKnownFileType = sourcecode.c.objc; path = ULImageView.m; sourceTree = "<group>"; };
		BD5E18D0148A768800C372A0 /* ULCacheManager.h */ = {isa = PBXFileReference; fileEncoding = 4; lastKnownFileType = sourcecode.c.h; path = ULCacheManager.h; sourceTree = "<group>"; };
		BD5E18D1148A768800C372A0 /* ULCacheManager.m */ = {isa = PBXFileReference; fileEncoding = 4; lastKnownFileType = sourcecode.c.objc; path = ULCacheManager.m; sourceTree = "<group>"; };
		BD5E18D2148A768800C372A0 /* URLCacheConnection.h */ = {isa = PBXFileReference; fileEncoding = 4; lastKnownFileType = sourcecode.c.h; path = URLCacheConnection.h; sourceTree = "<group>"; };
		BD5E18D3148A768800C372A0 /* URLCacheConnection.m */ = {isa = PBXFileReference; fileEncoding = 4; lastKnownFileType = sourcecode.c.objc; path = URLCacheConnection.m; sourceTree = "<group>"; };
		BD5E18EE148A79B100C372A0 /* DateUtils.h */ = {isa = PBXFileReference; fileEncoding = 4; lastKnownFileType = sourcecode.c.h; path = DateUtils.h; sourceTree = "<group>"; };
		BD5E18EF148A79B100C372A0 /* DateUtils.m */ = {isa = PBXFileReference; fileEncoding = 4; lastKnownFileType = sourcecode.c.objc; path = DateUtils.m; sourceTree = "<group>"; };
		BD5E18F1148A7ED200C372A0 /* LocationManager.h */ = {isa = PBXFileReference; fileEncoding = 4; lastKnownFileType = sourcecode.c.h; path = LocationManager.h; sourceTree = "<group>"; };
		BD5E18F2148A7ED200C372A0 /* LocationManager.m */ = {isa = PBXFileReference; fileEncoding = 4; lastKnownFileType = sourcecode.c.objc; path = LocationManager.m; sourceTree = "<group>"; };
		BD5E18F5148A7FCE00C372A0 /* Singleton.h */ = {isa = PBXFileReference; fileEncoding = 4; lastKnownFileType = sourcecode.c.h; path = Singleton.h; sourceTree = "<group>"; };
		BD8C6450148A6E1A00D39132 /* UberLifeLib.xcodeproj */ = {isa = PBXFileReference; lastKnownFileType = "wrapper.pb-project"; name = UberLifeLib.xcodeproj; path = ../UberLifeLib/UberLifeLib.xcodeproj; sourceTree = "<group>"; };
/* End PBXFileReference section */

/* Begin PBXFrameworksBuildPhase section */
		876C6933148A6373000ECF1C /* Frameworks */ = {
			isa = PBXFrameworksBuildPhase;
			buildActionMask = 2147483647;
			files = (
				BD8C6465148A6E8500D39132 /* libUberLifeLib.a in Frameworks */,
				876C696B148A6869000ECF1C /* CoreLocation.framework in Frameworks */,
				876C693B148A6373000ECF1C /* UIKit.framework in Frameworks */,
				876C693D148A6373000ECF1C /* Foundation.framework in Frameworks */,
				876C693F148A6373000ECF1C /* CoreGraphics.framework in Frameworks */,
			);
			runOnlyForDeploymentPostprocessing = 0;
		};
/* End PBXFrameworksBuildPhase section */

/* Begin PBXGroup section */
		876C692B148A6373000ECF1C = {
			isa = PBXGroup;
			children = (
				BD8C6450148A6E1A00D39132 /* UberLifeLib.xcodeproj */,
				876C6940148A6373000ECF1C /* GigOut */,
				876C6939148A6373000ECF1C /* Frameworks */,
				876C6937148A6373000ECF1C /* Products */,
			);
			sourceTree = "<group>";
		};
		876C6937148A6373000ECF1C /* Products */ = {
			isa = PBXGroup;
			children = (
				876C6936148A6373000ECF1C /* GigOut.app */,
			);
			name = Products;
			sourceTree = "<group>";
		};
		876C6939148A6373000ECF1C /* Frameworks */ = {
			isa = PBXGroup;
			children = (
				876C696A148A6869000ECF1C /* CoreLocation.framework */,
				876C693A148A6373000ECF1C /* UIKit.framework */,
				876C693C148A6373000ECF1C /* Foundation.framework */,
				876C693E148A6373000ECF1C /* CoreGraphics.framework */,
			);
			name = Frameworks;
			sourceTree = "<group>";
		};
		876C6940148A6373000ECF1C /* GigOut */ = {
			isa = PBXGroup;
			children = (
				BD5E18CA148A768800C372A0 /* Comoponents */,
				BD5E18CF148A768800C372A0 /* Utils */,
				BD5E15D9148A751700C372A0 /* Resources */,
				876C696D148A7A09000ECF1C /* Model */,
				876C6965148A66F2000ECF1C /* Operations */,
				876C694C148A6373000ECF1C /* GOMasterViewController.h */,
				876C694D148A6373000ECF1C /* GOMasterViewController.m */,
				876C694F148A6373000ECF1C /* GODetailViewController.h */,
				876C6950148A6373000ECF1C /* GODetailViewController.m */,
				876C6949148A6373000ECF1C /* GOAppDelegate.h */,
				876C694A148A6373000ECF1C /* GOAppDelegate.m */,
				876C6941148A6373000ECF1C /* Supporting Files */,
				BD11C23B148ABE6C002F35C6 /* Xib */,
			);
			path = GigOut;
			sourceTree = "<group>";
		};
		876C6941148A6373000ECF1C /* Supporting Files */ = {
			isa = PBXGroup;
			children = (
				876C6942148A6373000ECF1C /* GigOut-Info.plist */,
				876C6943148A6373000ECF1C /* InfoPlist.strings */,
				876C6946148A6373000ECF1C /* main.m */,
				876C6948148A6373000ECF1C /* GigOut-Prefix.pch */,
			);
			name = "Supporting Files";
			sourceTree = "<group>";
		};
		876C6965148A66F2000ECF1C /* Operations */ = {
			isa = PBXGroup;
			children = (
				876C6967148A671F000ECF1C /* GOFetchGigsOperation.h */,
				876C6968148A671F000ECF1C /* GOFetchGigsOperation.m */,
			);
			name = Operations;
			sourceTree = "<group>";
		};
		876C696D148A7A09000ECF1C /* Model */ = {
			isa = PBXGroup;
			children = (
				876C696E148A7A2A000ECF1C /* GOGig.h */,
				876C696F148A7A2A000ECF1C /* GOGig.m */,
				BD11C31E148AD602002F35C6 /* GOGigVideoInfo.h */,
				BD11C31F148AD602002F35C6 /* GOGigVideoInfo.m */,
			);
			name = Model;
			sourceTree = "<group>";
		};
		BD11C23B148ABE6C002F35C6 /* Xib */ = {
			isa = PBXGroup;
			children = (
				876C6952148A6373000ECF1C /* GOMasterViewController.xib */,
				876C6955148A6374000ECF1C /* GODetailViewController.xib */,
			);
			name = Xib;
			sourceTree = "<group>";
		};
		BD5E15D9148A751700C372A0 /* Resources */ = {
			isa = PBXGroup;
			children = (
				BD11C223148AB30B002F35C6 /* BACK-OrganiserThumbnail.png */,
				BD11C224148AB30B002F35C6 /* BACK-OrganiserThumbnail@2x.png */,
				BD11C225148AB30B002F35C6 /* BACK-RowSocials.png */,
				BD11C226148AB30B002F35C6 /* BACK-RowSocials@2x.png */,
				BD11C227148AB30B002F35C6 /* BACK-RowSocialsNoLine.png */,
				BD11C228148AB30B002F35C6 /* COUNTER-Orange.png */,
				BD11C229148AB30B002F35C6 /* COUNTER-Orange@2x.png */,
				BD11C22A148AB30B002F35C6 /* Counter.png */,
				BD11C22B148AB30B002F35C6 /* Counter@2x.png */,
				BD11C22C148AB30B002F35C6 /* Distance.png */,
				BD11C22D148AB30B002F35C6 /* Distance@2x.png */,
				BD11C22E148AB30B002F35C6 /* placeholder.png */,
			);
			name = Resources;
			sourceTree = "<group>";
		};
		BD5E18CA148A768800C372A0 /* Comoponents */ = {
			isa = PBXGroup;
			children = (
				BD11C31B148AD4B0002F35C6 /* GOGigDetailTableViewCell.h */,
				BD11C31C148AD4B0002F35C6 /* GOGigDetailTableViewCell.m */,
				BD5E18CB148A768800C372A0 /* GOMasterTableViewCell.h */,
				BD5E18CC148A768800C372A0 /* GOMasterTableViewCell.m */,
				BD5E18CD148A768800C372A0 /* ULImageView.h */,
				BD5E18CE148A768800C372A0 /* ULImageView.m */,
			);
			path = Comoponents;
			sourceTree = "<group>";
		};
		BD5E18CF148A768800C372A0 /* Utils */ = {
			isa = PBXGroup;
			children = (
				876C696C148A6DC1000ECF1C /* PSLog.h */,
				BD5E18F5148A7FCE00C372A0 /* Singleton.h */,
				BD5E18F1148A7ED200C372A0 /* LocationManager.h */,
				BD5E18F2148A7ED200C372A0 /* LocationManager.m */,
				BD5E18EE148A79B100C372A0 /* DateUtils.h */,
				BD5E18EF148A79B100C372A0 /* DateUtils.m */,
				BD5E18D0148A768800C372A0 /* ULCacheManager.h */,
				BD5E18D1148A768800C372A0 /* ULCacheManager.m */,
				BD5E18D2148A768800C372A0 /* URLCacheConnection.h */,
				BD5E18D3148A768800C372A0 /* URLCacheConnection.m */,
			);
			path = Utils;
			sourceTree = "<group>";
		};
		BD8C6451148A6E1A00D39132 /* Products */ = {
			isa = PBXGroup;
			children = (
				BD8C6456148A6E1A00D39132 /* libUberLifeLib.a */,
				BD8C6458148A6E1A00D39132 /* UberLifeLibTests.octest */,
			);
			name = Products;
			sourceTree = "<group>";
		};
/* End PBXGroup section */

/* Begin PBXNativeTarget section */
		876C6935148A6373000ECF1C /* GigOut */ = {
			isa = PBXNativeTarget;
			buildConfigurationList = 876C695A148A6374000ECF1C /* Build configuration list for PBXNativeTarget "GigOut" */;
			buildPhases = (
				876C6932148A6373000ECF1C /* Sources */,
				876C6933148A6373000ECF1C /* Frameworks */,
				876C6934148A6373000ECF1C /* Resources */,
			);
			buildRules = (
			);
			dependencies = (
			);
			name = GigOut;
			productName = GigOut;
			productReference = 876C6936148A6373000ECF1C /* GigOut.app */;
			productType = "com.apple.product-type.application";
		};
/* End PBXNativeTarget section */

/* Begin PBXProject section */
		876C692D148A6373000ECF1C /* Project object */ = {
			isa = PBXProject;
			attributes = {
				LastUpgradeCheck = 0420;
			};
			buildConfigurationList = 876C6930148A6373000ECF1C /* Build configuration list for PBXProject "GigOut" */;
			compatibilityVersion = "Xcode 3.2";
			developmentRegion = English;
			hasScannedForEncodings = 0;
			knownRegions = (
				en,
			);
			mainGroup = 876C692B148A6373000ECF1C;
			productRefGroup = 876C6937148A6373000ECF1C /* Products */;
			projectDirPath = "";
			projectReferences = (
				{
					ProductGroup = BD8C6451148A6E1A00D39132 /* Products */;
					ProjectRef = BD8C6450148A6E1A00D39132 /* UberLifeLib.xcodeproj */;
				},
			);
			projectRoot = "";
			targets = (
				876C6935148A6373000ECF1C /* GigOut */,
			);
		};
/* End PBXProject section */

/* Begin PBXReferenceProxy section */
		BD8C6456148A6E1A00D39132 /* libUberLifeLib.a */ = {
			isa = PBXReferenceProxy;
			fileType = archive.ar;
			path = libUberLifeLib.a;
			remoteRef = BD8C6455148A6E1A00D39132 /* PBXContainerItemProxy */;
			sourceTree = BUILT_PRODUCTS_DIR;
		};
		BD8C6458148A6E1A00D39132 /* UberLifeLibTests.octest */ = {
			isa = PBXReferenceProxy;
			fileType = wrapper.cfbundle;
			path = UberLifeLibTests.octest;
			remoteRef = BD8C6457148A6E1A00D39132 /* PBXContainerItemProxy */;
			sourceTree = BUILT_PRODUCTS_DIR;
		};
/* End PBXReferenceProxy section */

/* Begin PBXResourcesBuildPhase section */
		876C6934148A6373000ECF1C /* Resources */ = {
			isa = PBXResourcesBuildPhase;
			buildActionMask = 2147483647;
			files = (
				876C6945148A6373000ECF1C /* InfoPlist.strings in Resources */,
				876C6954148A6374000ECF1C /* GOMasterViewController.xib in Resources */,
				876C6957148A6374000ECF1C /* GODetailViewController.xib in Resources */,
				BD11C22F148AB30B002F35C6 /* BACK-OrganiserThumbnail.png in Resources */,
				BD11C230148AB30B002F35C6 /* BACK-OrganiserThumbnail@2x.png in Resources */,
				BD11C231148AB30B002F35C6 /* BACK-RowSocials.png in Resources */,
				BD11C232148AB30B002F35C6 /* BACK-RowSocials@2x.png in Resources */,
				BD11C233148AB30B002F35C6 /* BACK-RowSocialsNoLine.png in Resources */,
				BD11C234148AB30B002F35C6 /* COUNTER-Orange.png in Resources */,
				BD11C235148AB30B002F35C6 /* COUNTER-Orange@2x.png in Resources */,
				BD11C236148AB30B002F35C6 /* Counter.png in Resources */,
				BD11C237148AB30B002F35C6 /* Counter@2x.png in Resources */,
				BD11C238148AB30B002F35C6 /* Distance.png in Resources */,
				BD11C239148AB30B002F35C6 /* Distance@2x.png in Resources */,
				BD11C23A148AB30B002F35C6 /* placeholder.png in Resources */,
			);
			runOnlyForDeploymentPostprocessing = 0;
		};
/* End PBXResourcesBuildPhase section */

/* Begin PBXSourcesBuildPhase section */
		876C6932148A6373000ECF1C /* Sources */ = {
			isa = PBXSourcesBuildPhase;
			buildActionMask = 2147483647;
			files = (
				876C6947148A6373000ECF1C /* main.m in Sources */,
				876C694B148A6373000ECF1C /* GOAppDelegate.m in Sources */,
				876C694E148A6373000ECF1C /* GOMasterViewController.m in Sources */,
				876C6951148A6373000ECF1C /* GODetailViewController.m in Sources */,
				BD5E18D4148A768800C372A0 /* GOMasterTableViewCell.m in Sources */,
				BD5E18D5148A768800C372A0 /* ULImageView.m in Sources */,
				BD5E18D6148A768800C372A0 /* ULCacheManager.m in Sources */,
				BD5E18D7148A768800C372A0 /* URLCacheConnection.m in Sources */,
				876C6969148A671F000ECF1C /* GOFetchGigsOperation.m in Sources */,
				BD5E18F0148A79B100C372A0 /* DateUtils.m in Sources */,
				BD5E18F3148A7ED200C372A0 /* LocationManager.m in Sources */,
				876C6970148A7A2A000ECF1C /* GOGig.m in Sources */,
				BD11C31D148AD4B1002F35C6 /* GOGigDetailTableViewCell.m in Sources */,
				BD11C320148AD602002F35C6 /* GOGigVideoInfo.m in Sources */,
			);
			runOnlyForDeploymentPostprocessing = 0;
		};
/* End PBXSourcesBuildPhase section */

/* Begin PBXVariantGroup section */
		876C6943148A6373000ECF1C /* InfoPlist.strings */ = {
			isa = PBXVariantGroup;
			children = (
				876C6944148A6373000ECF1C /* en */,
			);
			name = InfoPlist.strings;
			sourceTree = "<group>";
		};
		876C6952148A6373000ECF1C /* GOMasterViewController.xib */ = {
			isa = PBXVariantGroup;
			children = (
				876C6953148A6374000ECF1C /* en */,
			);
			name = GOMasterViewController.xib;
			sourceTree = "<group>";
		};
		876C6955148A6374000ECF1C /* GODetailViewController.xib */ = {
			isa = PBXVariantGroup;
			children = (
				876C6956148A6374000ECF1C /* en */,
			);
			name = GODetailViewController.xib;
			sourceTree = "<group>";
		};
/* End PBXVariantGroup section */

/* Begin XCBuildConfiguration section */
		876C6958148A6374000ECF1C /* Debug */ = {
			isa = XCBuildConfiguration;
			buildSettings = {
				ALWAYS_SEARCH_USER_PATHS = NO;
				ARCHS = "$(ARCHS_STANDARD_32_BIT)";
				"CODE_SIGN_IDENTITY[sdk=iphoneos*]" = "iPhone Developer";
				COPY_PHASE_STRIP = NO;
				GCC_C_LANGUAGE_STANDARD = gnu99;
				GCC_DYNAMIC_NO_PIC = NO;
				GCC_OPTIMIZATION_LEVEL = 0;
				GCC_PREPROCESSOR_DEFINITIONS = (
					"DEBUG=1",
					"$(inherited)",
				);
				GCC_SYMBOLS_PRIVATE_EXTERN = NO;
				GCC_VERSION = com.apple.compilers.llvm.clang.1_0;
				GCC_WARN_ABOUT_MISSING_PROTOTYPES = YES;
				GCC_WARN_ABOUT_RETURN_TYPE = YES;
				GCC_WARN_UNUSED_VARIABLE = YES;
				IPHONEOS_DEPLOYMENT_TARGET = 5.0;
				SDKROOT = iphoneos;
			};
			name = Debug;
		};
		876C6959148A6374000ECF1C /* Release */ = {
			isa = XCBuildConfiguration;
			buildSettings = {
				ALWAYS_SEARCH_USER_PATHS = NO;
				ARCHS = "$(ARCHS_STANDARD_32_BIT)";
				"CODE_SIGN_IDENTITY[sdk=iphoneos*]" = "iPhone Developer";
				COPY_PHASE_STRIP = YES;
				GCC_C_LANGUAGE_STANDARD = gnu99;
				GCC_VERSION = com.apple.compilers.llvm.clang.1_0;
				GCC_WARN_ABOUT_MISSING_PROTOTYPES = YES;
				GCC_WARN_ABOUT_RETURN_TYPE = YES;
				GCC_WARN_UNUSED_VARIABLE = YES;
				IPHONEOS_DEPLOYMENT_TARGET = 5.0;
				OTHER_CFLAGS = "-DNS_BLOCK_ASSERTIONS=1";
				SDKROOT = iphoneos;
				VALIDATE_PRODUCT = YES;
			};
			name = Release;
		};
		876C695B148A6374000ECF1C /* Debug */ = {
			isa = XCBuildConfiguration;
			buildSettings = {
				GCC_PRECOMPILE_PREFIX_HEADER = YES;
				GCC_PREFIX_HEADER = "GigOut/GigOut-Prefix.pch";
				INFOPLIST_FILE = "GigOut/GigOut-Info.plist";
				PRODUCT_NAME = "$(TARGET_NAME)";
				WRAPPER_EXTENSION = app;
			};
			name = Debug;
		};
		876C695C148A6374000ECF1C /* Release */ = {
			isa = XCBuildConfiguration;
			buildSettings = {
				GCC_PRECOMPILE_PREFIX_HEADER = YES;
				GCC_PREFIX_HEADER = "GigOut/GigOut-Prefix.pch";
				INFOPLIST_FILE = "GigOut/GigOut-Info.plist";
				PRODUCT_NAME = "$(TARGET_NAME)";
				WRAPPER_EXTENSION = app;
			};
			name = Release;
		};
/* End XCBuildConfiguration section */

/* Begin XCConfigurationList section */
		876C6930148A6373000ECF1C /* Build configuration list for PBXProject "GigOut" */ = {
			isa = XCConfigurationList;
			buildConfigurations = (
				876C6958148A6374000ECF1C /* Debug */,
				876C6959148A6374000ECF1C /* Release */,
			);
			defaultConfigurationIsVisible = 0;
			defaultConfigurationName = Release;
		};
		876C695A148A6374000ECF1C /* Build configuration list for PBXNativeTarget "GigOut" */ = {
			isa = XCConfigurationList;
			buildConfigurations = (
				876C695B148A6374000ECF1C /* Debug */,
				876C695C148A6374000ECF1C /* Release */,
			);
			defaultConfigurationIsVisible = 0;
			defaultConfigurationName = Release;
		};
/* End XCConfigurationList section */
	};
	rootObject = 876C692D148A6373000ECF1C /* Project object */;
}
